
Microsoft Visual Studio Solution File, Format Version 12.00
# Visual Studio 15
VisualStudioVersion = 15.0.27703.2047
MinimumVisualStudioVersion = 10.0.40219.1
Project("{9A19103F-16F7-4668-BE54-9A1E7A4F7556}") = "RoyHub", "RoyHub\RoyHub.csproj", "{7FEC5D2E-1A6D-4299-BB4C-27041E5647EA}"
EndProject
Project("{FAE04EC0-301F-11D3-BF4B-00C04F79EFBC}") = "ChatTest", "ChatTest\ChatTest.csproj", "{39E0FD2B-6EC0-4E67-807A-55054F82454A}"
EndProject
Global
	GlobalSection(SolutionConfigurationPlatforms) = preSolution
		Debug|Any CPU = Debug|Any CPU
		Release|Any CPU = Release|Any CPU
	EndGlobalSection
	GlobalSection(ProjectConfigurationPlatforms) = postSolution
		{7FEC5D2E-1A6D-4299-BB4C-27041E5647EA}.Debug|Any CPU.ActiveCfg = Debug|Any CPU
		{7FEC5D2E-1A6D-4299-BB4C-27041E5647EA}.Debug|Any CPU.Build.0 = Debug|Any CPU
		{7FEC5D2E-1A6D-4299-BB4C-27041E5647EA}.Release|Any CPU.ActiveCfg = Release|Any CPU
		{7FEC5D2E-1A6D-4299-BB4C-27041E5647EA}.Release|Any CPU.Build.0 = Release|Any CPU
		{39E0FD2B-6EC0-4E67-807A-55054F82454A}.Debug|Any CPU.ActiveCfg = Debug|Any CPU
		{39E0FD2B-6EC0-4E67-807A-55054F82454A}.Debug|Any CPU.Build.0 = Debug|Any CPU
		{39E0FD2B-6EC0-4E67-807A-55054F82454A}.Release|Any CPU.ActiveCfg = Release|Any CPU
		{39E0FD2B-6EC0-4E67-807A-55054F82454A}.Release|Any CPU.Build.0 = Release|Any CPU
	EndGlobalSection
	GlobalSection(SolutionProperties) = preSolution
		HideSolutionNode = FALSE
	EndGlobalSection
	GlobalSection(ExtensibilityGlobals) = postSolution
		SolutionGuid = {0C5548A8-57E8-4E28-B9B0-0A6BC6021050}
	EndGlobalSection
EndGlobal
